
Microsoft Visual Studio Solution File, Format Version 12.00
# Visual Studio Version 17
VisualStudioVersion = 17.5.33502.453
MinimumVisualStudioVersion = 10.0.40219.1
Project("{FAE04EC0-301F-11D3-BF4B-00C04F79EFBC}") = "WebApplication2", "WebApplication2\WebApplication2.csproj", "{611E0EB0-B0FE-47D4-A133-55BC5E606BCC}"
EndProject
Global
	GlobalSection(SolutionConfigurationPlatforms) = preSolution
		Debug|Any CPU = Debug|Any CPU
		Release|Any CPU = Release|Any CPU
	EndGlobalSection
	GlobalSection(ProjectConfigurationPlatforms) = postSolution
		{611E0EB0-B0FE-47D4-A133-55BC5E606BCC}.Debug|Any CPU.ActiveCfg = Debug|Any CPU
		{611E0EB0-B0FE-47D4-A133-55BC5E606BCC}.Debug|Any CPU.Build.0 = Debug|Any CPU
		{611E0EB0-B0FE-47D4-A133-55BC5E606BCC}.Release|Any CPU.ActiveCfg = Release|Any CPU
		{611E0EB0-B0FE-47D4-A133-55BC5E606BCC}.Release|Any CPU.Build.0 = Release|Any CPU
	EndGlobalSection
	GlobalSection(SolutionProperties) = preSolution
		HideSolutionNode = FALSE
	EndGlobalSection
	GlobalSection(ExtensibilityGlobals) = postSolution
		SolutionGuid = {CF2219A3-8045-4026-8CD8-3463E118CE78}
	EndGlobalSection
EndGlobal
